
Microsoft Visual Studio Solution File, Format Version 12.00
# Visual Studio Version 17
VisualStudioVersion = 17.14.36518.9
MinimumVisualStudioVersion = 10.0.40219.1
Project("{2150E333-8FDC-42A3-9474-1A3956D46DE8}") = "Task0", "Task0", "{02EA681E-C7D8-13C7-8484-4AC65E1B71E8}"
EndProject
Project("{FAE04EC0-301F-11D3-BF4B-00C04F79EFBC}") = "Tyuiu.MamatkulovFO.Sprint5.Task0.V13", "Tyuiu.MamatkulovFO.Sprint5.Task0.V13\Tyuiu.MamatkulovFO.Sprint5.Task0.V13.csproj", "{7A8C0A16-4ECA-4F19-B25C-FE1658C0AD8B}"
EndProject
Project("{FAE04EC0-301F-11D3-BF4B-00C04F79EFBC}") = "Tyuiu.MamatkulovFO.Sprint5.Task0.V13.Lib", "Tyuiu.MamatkulovFO.Sprint5.Task0.V13.Lib\Tyuiu.MamatkulovFO.Sprint5.Task0.V13.Lib.csproj", "{0DED9BF0-7F50-4C54-A7DD-85703B8EECC8}"
EndProject
Project("{FAE04EC0-301F-11D3-BF4B-00C04F79EFBC}") = "Tyuiu.MamatkulovFO.Sprint5.Task0.V13.Test", "Tyuiu.MamatkulovFO.Sprint5.Task0.V13.Test\Tyuiu.MamatkulovFO.Sprint5.Task0.V13.Test.csproj", "{349FACF7-4DB9-45FF-903B-5D48DC190DD4}"
EndProject
Project("{2150E333-8FDC-42A3-9474-1A3956D46DE8}") = "Task2", "Task2", "{BDDC3B5F-E75D-4358-8245-CAF94E263349}"
EndProject
Project("{FAE04EC0-301F-11D3-BF4B-00C04F79EFBC}") = "Tyuiu.MamatkulovFO.Sprint5.Task2.V14", "Tyuiu.MamatkulovFO.Sprint5.Task2.V14\Tyuiu.MamatkulovFO.Sprint5.Task2.V14.csproj", "{8DAFCE2E-77F8-41B6-8A7E-20F1D24A3771}"
EndProject
Project("{FAE04EC0-301F-11D3-BF4B-00C04F79EFBC}") = "Tyuiu.MamatkulovFO.Sprint5.Task2.V14.Lib", "Tyuiu.MamatkulovFO.Sprint5.Task2.V14.Lib\Tyuiu.MamatkulovFO.Sprint5.Task2.V14.Lib.csproj", "{EBF0638E-706B-4E3E-9BF9-3A0040925316}"
EndProject
Project("{FAE04EC0-301F-11D3-BF4B-00C04F79EFBC}") = "Tyuiu.MamatkulovFO.Sprint5.Task2.V14.Test", "Tyuiu.MamatkulovFO.Sprint5.Task2.V14.Test\Tyuiu.MamatkulovFO.Sprint5.Task2.V14.Test.csproj", "{0E70DECB-E944-4F4D-93E2-79D72C2205A4}"
EndProject
Project("{2150E333-8FDC-42A3-9474-1A3956D46DE8}") = "Task3", "Task3", "{E00C11A2-3D80-4D26-BA03-7EA9948C1EE1}"
EndProject
Project("{FAE04EC0-301F-11D3-BF4B-00C04F79EFBC}") = "Tyuiu.MamatkulovFO.Sprint5.Task3.V3", "Tyuiu.MamatkulovFO.Sprint5.Task3.V3\Tyuiu.MamatkulovFO.Sprint5.Task3.V3.csproj", "{83458199-441B-4468-A7A0-EDA194701786}"
EndProject
Project("{FAE04EC0-301F-11D3-BF4B-00C04F79EFBC}") = "Tyuiu.MamatkulovFO.Sprint5.Task3.V3.Lib", "Tyuiu.MamatkulovFO.Sprint5.Task3.V3.Lib\Tyuiu.MamatkulovFO.Sprint5.Task3.V3.Lib.csproj", "{C539229B-5A2A-44E6-94EA-586377314C02}"
EndProject
Project("{FAE04EC0-301F-11D3-BF4B-00C04F79EFBC}") = "Tyuiu.MamatkulovFO.Sprint5.Task3.V3.Test", "Tyuiu.MamatkulovFO.Sprint5.Task3.V3.Test\Tyuiu.MamatkulovFO.Sprint5.Task3.V3.Test.csproj", "{985637B9-622F-44E4-A7F9-DC4ADBC40395}"
EndProject
Project("{2150E333-8FDC-42A3-9474-1A3956D46DE8}") = "Task4", "Task4", "{2125C9DE-58C0-4FA7-9BD3-379196900CFB}"
EndProject
Project("{FAE04EC0-301F-11D3-BF4B-00C04F79EFBC}") = "Tyuiu.MamatkulovFO.Sprint5.Task4.V27", "Tyuiu.MamatkulovFO.Sprint5.Task4.V27\Tyuiu.MamatkulovFO.Sprint5.Task4.V27.csproj", "{7A16879C-A952-4972-A586-CD726053723F}"
EndProject
Project("{FAE04EC0-301F-11D3-BF4B-00C04F79EFBC}") = "Tyuiu.MamatkulovFO.Sprint5.Task4.V27.Lib", "Tyuiu.MamatkulovFO.Sprint5.Task4.V27.Lib\Tyuiu.MamatkulovFO.Sprint5.Task4.V27.Lib.csproj", "{C08B3C6C-87D0-4C8E-AE96-C721809CCB5E}"
EndProject
Project("{FAE04EC0-301F-11D3-BF4B-00C04F79EFBC}") = "Tyuiu.MamatkulovFO.Sprint5.Task4.V27.Test", "Tyuiu.MamatkulovFO.Sprint5.Task4.V27.Test\Tyuiu.MamatkulovFO.Sprint5.Task4.V27.Test.csproj", "{02C69D3C-BA24-4BE7-A95D-88C8038F077A}"
EndProject
Project("{2150E333-8FDC-42A3-9474-1A3956D46DE8}") = "Task6", "Task6", "{08C7F396-9F1B-4389-BF2A-97277D5BA431}"
EndProject
Project("{FAE04EC0-301F-11D3-BF4B-00C04F79EFBC}") = "Tyuiu.MamatkulovFO.Sprint5.Task6.V7", "Tyuiu.MamatkulovFO.Sprint5.Task6.V7\Tyuiu.MamatkulovFO.Sprint5.Task6.V7.csproj", "{DFF548DC-CA71-4FA5-8736-117095595A06}"
EndProject
Project("{FAE04EC0-301F-11D3-BF4B-00C04F79EFBC}") = "Tyuiu.MamatkulovFO.Sprint5.Task6.V7.Lib", "Tyuiu.MamatkulovFO.Sprint5.Task6.V7.Lib\Tyuiu.MamatkulovFO.Sprint5.Task6.V7.Lib.csproj", "{72116308-D74B-484C-AA56-D1E5B63AC411}"
EndProject
Project("{FAE04EC0-301F-11D3-BF4B-00C04F79EFBC}") = "Tyuiu.MamatkulovFO.Sprint5.Task6.V7.Test", "Tyuiu.MamatkulovFO.Sprint5.Task6.V7.Test\Tyuiu.MamatkulovFO.Sprint5.Task6.V7.Test.csproj", "{E4F50B72-1102-49D9-AD8D-A7472975F752}"
EndProject
Project("{2150E333-8FDC-42A3-9474-1A3956D46DE8}") = "Task7", "Task7", "{61424443-A867-4B75-9BC6-2ECC65D218F6}"
EndProject
Project("{FAE04EC0-301F-11D3-BF4B-00C04F79EFBC}") = "Tyuiu.MamatkulovFO.Sprint5.Task7.V15", "Tyuiu.MamatkulovFO.Sprint5.Task7.V15\Tyuiu.MamatkulovFO.Sprint5.Task7.V15.csproj", "{50A07E35-AB52-4947-ADBC-61F0B3AD2E7B}"
EndProject
Project("{FAE04EC0-301F-11D3-BF4B-00C04F79EFBC}") = "Tyuiu.MamatkulovFO.Sprint5.Task7.V15.Lib", "Tyuiu.MamatkulovFO.Sprint5.Task7.V15.Lib\Tyuiu.MamatkulovFO.Sprint5.Task7.V15.Lib.csproj", "{2E257DCF-8C1C-4BF6-8EA2-4D526372DABD}"
EndProject
Project("{FAE04EC0-301F-11D3-BF4B-00C04F79EFBC}") = "Tyuiu.MamatkulovFO.Sprint5.Task7.V15.Test", "Tyuiu.MamatkulovFO.Sprint5.Task7.V15.Test\Tyuiu.MamatkulovFO.Sprint5.Task7.V15.Test.csproj", "{FBBEC55E-EDDA-42F9-A4B2-B9DB25F2C5BC}"
EndProject
Project("{2150E333-8FDC-42A3-9474-1A3956D46DE8}") = "Task5", "Task5", "{8AC6C4C0-4C59-4C78-B406-FF086F1465DE}"
EndProject
Project("{FAE04EC0-301F-11D3-BF4B-00C04F79EFBC}") = "Tyuiu.MamatkulovFO.Sprint5.Task5.V19", "Tyuiu.MamatkulovFO.Sprint5.Task5.V19\Tyuiu.MamatkulovFO.Sprint5.Task5.V19.csproj", "{D7AF1858-2B21-4D23-A545-A717104C70A1}"
EndProject
Project("{FAE04EC0-301F-11D3-BF4B-00C04F79EFBC}") = "Tyuiu.MamatkulovFO.Sprint5.Task5.V19.Lib", "Tyuiu.MamatkulovFO.Sprint5.Task5.V19.Lib\Tyuiu.MamatkulovFO.Sprint5.Task5.V19.Lib.csproj", "{24EC5813-4411-45DB-A164-E1E9C391303B}"
EndProject
Project("{FAE04EC0-301F-11D3-BF4B-00C04F79EFBC}") = "Tyuiu.MamatkulovFO.Sprint5.Task5.V19.Test", "Tyuiu.MamatkulovFO.Sprint5.Task5.V19.Test\Tyuiu.MamatkulovFO.Sprint5.Task5.V19.Test.csproj", "{982C8EC6-5E8D-4C88-9C6A-9EED16E4024B}"
EndProject
Project("{2150E333-8FDC-42A3-9474-1A3956D46DE8}") = "Task1", "Task1", "{353ED7EB-9861-4631-A7DB-0A2B8FFF9423}"
EndProject
Project("{FAE04EC0-301F-11D3-BF4B-00C04F79EFBC}") = "Tyuiu.MamatkulovFO.Sprint5.Task1.V8", "Tyuiu.MamatkulovFO.Sprint5.Task1.V8\Tyuiu.MamatkulovFO.Sprint5.Task1.V8.csproj", "{9F582BCD-1E79-4426-ADF2-C25F93064455}"
EndProject
Project("{FAE04EC0-301F-11D3-BF4B-00C04F79EFBC}") = "Tyuiu.MamatkulovFO.Sprint5.Task1.V8.Lib", "Tyuiu.MamatkulovFO.Sprint5.Task1.V8.Lib\Tyuiu.MamatkulovFO.Sprint5.Task1.V8.Lib.csproj", "{CA166785-167A-4598-A18A-A7CEAB734CAE}"
EndProject
Project("{FAE04EC0-301F-11D3-BF4B-00C04F79EFBC}") = "Tyuiu.MamatkulovFO.Sprint5.Task1.V8.Test", "Tyuiu.MamatkulovFO.Sprint5.Task1.V8.Test\Tyuiu.MamatkulovFO.Sprint5.Task1.V8.Test.csproj", "{2A541030-FA7D-4562-9AFA-C63CC73F7F9A}"
EndProject
Global
	GlobalSection(SolutionConfigurationPlatforms) = preSolution
		Debug|Any CPU = Debug|Any CPU
		Release|Any CPU = Release|Any CPU
	EndGlobalSection
	GlobalSection(ProjectConfigurationPlatforms) = postSolution
		{7A8C0A16-4ECA-4F19-B25C-FE1658C0AD8B}.Debug|Any CPU.ActiveCfg = Debug|Any CPU
		{7A8C0A16-4ECA-4F19-B25C-FE1658C0AD8B}.Debug|Any CPU.Build.0 = Debug|Any CPU
		{7A8C0A16-4ECA-4F19-B25C-FE1658C0AD8B}.Release|Any CPU.ActiveCfg = Release|Any CPU
		{7A8C0A16-4ECA-4F19-B25C-FE1658C0AD8B}.Release|Any CPU.Build.0 = Release|Any CPU
		{0DED9BF0-7F50-4C54-A7DD-85703B8EECC8}.Debug|Any CPU.ActiveCfg = Debug|Any CPU
		{0DED9BF0-7F50-4C54-A7DD-85703B8EECC8}.Debug|Any CPU.Build.0 = Debug|Any CPU
		{0DED9BF0-7F50-4C54-A7DD-85703B8EECC8}.Release|Any CPU.ActiveCfg = Release|Any CPU
		{0DED9BF0-7F50-4C54-A7DD-85703B8EECC8}.Release|Any CPU.Build.0 = Release|Any CPU
		{349FACF7-4DB9-45FF-903B-5D48DC190DD4}.Debug|Any CPU.ActiveCfg = Debug|Any CPU
		{349FACF7-4DB9-45FF-903B-5D48DC190DD4}.Debug|Any CPU.Build.0 = Debug|Any CPU
		{349FACF7-4DB9-45FF-903B-5D48DC190DD4}.Release|Any CPU.ActiveCfg = Release|Any CPU
		{349FACF7-4DB9-45FF-903B-5D48DC190DD4}.Release|Any CPU.Build.0 = Release|Any CPU
		{8DAFCE2E-77F8-41B6-8A7E-20F1D24A3771}.Debug|Any CPU.ActiveCfg = Debug|Any CPU
		{8DAFCE2E-77F8-41B6-8A7E-20F1D24A3771}.Debug|Any CPU.Build.0 = Debug|Any CPU
		{8DAFCE2E-77F8-41B6-8A7E-20F1D24A3771}.Release|Any CPU.ActiveCfg = Release|Any CPU
		{8DAFCE2E-77F8-41B6-8A7E-20F1D24A3771}.Release|Any CPU.Build.0 = Release|Any CPU
		{EBF0638E-706B-4E3E-9BF9-3A0040925316}.Debug|Any CPU.ActiveCfg = Debug|Any CPU
		{EBF0638E-706B-4E3E-9BF9-3A0040925316}.Debug|Any CPU.Build.0 = Debug|Any CPU
		{EBF0638E-706B-4E3E-9BF9-3A0040925316}.Release|Any CPU.ActiveCfg = Release|Any CPU
		{EBF0638E-706B-4E3E-9BF9-3A0040925316}.Release|Any CPU.Build.0 = Release|Any CPU
		{0E70DECB-E944-4F4D-93E2-79D72C2205A4}.Debug|Any CPU.ActiveCfg = Debug|Any CPU
		{0E70DECB-E944-4F4D-93E2-79D72C2205A4}.Debug|Any CPU.Build.0 = Debug|Any CPU
		{0E70DECB-E944-4F4D-93E2-79D72C2205A4}.Release|Any CPU.ActiveCfg = Release|Any CPU
		{0E70DECB-E944-4F4D-93E2-79D72C2205A4}.Release|Any CPU.Build.0 = Release|Any CPU
		{83458199-441B-4468-A7A0-EDA194701786}.Debug|Any CPU.ActiveCfg = Debug|Any CPU
		{83458199-441B-4468-A7A0-EDA194701786}.Debug|Any CPU.Build.0 = Debug|Any CPU
		{83458199-441B-4468-A7A0-EDA194701786}.Release|Any CPU.ActiveCfg = Release|Any CPU
		{83458199-441B-4468-A7A0-EDA194701786}.Release|Any CPU.Build.0 = Release|Any CPU
		{C539229B-5A2A-44E6-94EA-586377314C02}.Debug|Any CPU.ActiveCfg = Debug|Any CPU
		{C539229B-5A2A-44E6-94EA-586377314C02}.Debug|Any CPU.Build.0 = Debug|Any CPU
		{C539229B-5A2A-44E6-94EA-586377314C02}.Release|Any CPU.ActiveCfg = Release|Any CPU
		{C539229B-5A2A-44E6-94EA-586377314C02}.Release|Any CPU.Build.0 = Release|Any CPU
		{985637B9-622F-44E4-A7F9-DC4ADBC40395}.Debug|Any CPU.ActiveCfg = Debug|Any CPU
		{985637B9-622F-44E4-A7F9-DC4ADBC40395}.Debug|Any CPU.Build.0 = Debug|Any CPU
		{985637B9-622F-44E4-A7F9-DC4ADBC40395}.Release|Any CPU.ActiveCfg = Release|Any CPU
		{985637B9-622F-44E4-A7F9-DC4ADBC40395}.Release|Any CPU.Build.0 = Release|Any CPU
		{7A16879C-A952-4972-A586-CD726053723F}.Debug|Any CPU.ActiveCfg = Debug|Any CPU
		{7A16879C-A952-4972-A586-CD726053723F}.Debug|Any CPU.Build.0 = Debug|Any CPU
		{7A16879C-A952-4972-A586-CD726053723F}.Release|Any CPU.ActiveCfg = Release|Any CPU
		{7A16879C-A952-4972-A586-CD726053723F}.Release|Any CPU.Build.0 = Release|Any CPU
		{C08B3C6C-87D0-4C8E-AE96-C721809CCB5E}.Debug|Any CPU.ActiveCfg = Debug|Any CPU
		{C08B3C6C-87D0-4C8E-AE96-C721809CCB5E}.Debug|Any CPU.Build.0 = Debug|Any CPU
		{C08B3C6C-87D0-4C8E-AE96-C721809CCB5E}.Release|Any CPU.ActiveCfg = Release|Any CPU
		{C08B3C6C-87D0-4C8E-AE96-C721809CCB5E}.Release|Any CPU.Build.0 = Release|Any CPU
		{02C69D3C-BA24-4BE7-A95D-88C8038F077A}.Debug|Any CPU.ActiveCfg = Debug|Any CPU
		{02C69D3C-BA24-4BE7-A95D-88C8038F077A}.Debug|Any CPU.Build.0 = Debug|Any CPU
		{02C69D3C-BA24-4BE7-A95D-88C8038F077A}.Release|Any CPU.ActiveCfg = Release|Any CPU
		{02C69D3C-BA24-4BE7-A95D-88C8038F077A}.Release|Any CPU.Build.0 = Release|Any CPU
		{DFF548DC-CA71-4FA5-8736-117095595A06}.Debug|Any CPU.ActiveCfg = Debug|Any CPU
		{DFF548DC-CA71-4FA5-8736-117095595A06}.Debug|Any CPU.Build.0 = Debug|Any CPU
		{DFF548DC-CA71-4FA5-8736-117095595A06}.Release|Any CPU.ActiveCfg = Release|Any CPU
		{DFF548DC-CA71-4FA5-8736-117095595A06}.Release|Any CPU.Build.0 = Release|Any CPU
		{72116308-D74B-484C-AA56-D1E5B63AC411}.Debug|Any CPU.ActiveCfg = Debug|Any CPU
		{72116308-D74B-484C-AA56-D1E5B63AC411}.Debug|Any CPU.Build.0 = Debug|Any CPU
		{72116308-D74B-484C-AA56-D1E5B63AC411}.Release|Any CPU.ActiveCfg = Release|Any CPU
		{72116308-D74B-484C-AA56-D1E5B63AC411}.Release|Any CPU.Build.0 = Release|Any CPU
		{E4F50B72-1102-49D9-AD8D-A7472975F752}.Debug|Any CPU.ActiveCfg = Debug|Any CPU
		{E4F50B72-1102-49D9-AD8D-A7472975F752}.Debug|Any CPU.Build.0 = Debug|Any CPU
		{E4F50B72-1102-49D9-AD8D-A7472975F752}.Release|Any CPU.ActiveCfg = Release|Any CPU
		{E4F50B72-1102-49D9-AD8D-A7472975F752}.Release|Any CPU.Build.0 = Release|Any CPU
		{50A07E35-AB52-4947-ADBC-61F0B3AD2E7B}.Debug|Any CPU.ActiveCfg = Debug|Any CPU
		{50A07E35-AB52-4947-ADBC-61F0B3AD2E7B}.Debug|Any CPU.Build.0 = Debug|Any CPU
		{50A07E35-AB52-4947-ADBC-61F0B3AD2E7B}.Release|Any CPU.ActiveCfg = Release|Any CPU
		{50A07E35-AB52-4947-ADBC-61F0B3AD2E7B}.Release|Any CPU.Build.0 = Release|Any CPU
		{2E257DCF-8C1C-4BF6-8EA2-4D526372DABD}.Debug|Any CPU.ActiveCfg = Debug|Any CPU
		{2E257DCF-8C1C-4BF6-8EA2-4D526372DABD}.Debug|Any CPU.Build.0 = Debug|Any CPU
		{2E257DCF-8C1C-4BF6-8EA2-4D526372DABD}.Release|Any CPU.ActiveCfg = Release|Any CPU
		{2E257DCF-8C1C-4BF6-8EA2-4D526372DABD}.Release|Any CPU.Build.0 = Release|Any CPU
		{FBBEC55E-EDDA-42F9-A4B2-B9DB25F2C5BC}.Debug|Any CPU.ActiveCfg = Debug|Any CPU
		{FBBEC55E-EDDA-42F9-A4B2-B9DB25F2C5BC}.Debug|Any CPU.Build.0 = Debug|Any CPU
		{FBBEC55E-EDDA-42F9-A4B2-B9DB25F2C5BC}.Release|Any CPU.ActiveCfg = Release|Any CPU
		{FBBEC55E-EDDA-42F9-A4B2-B9DB25F2C5BC}.Release|Any CPU.Build.0 = Release|Any CPU
		{D7AF1858-2B21-4D23-A545-A717104C70A1}.Debug|Any CPU.ActiveCfg = Debug|Any CPU
		{D7AF1858-2B21-4D23-A545-A717104C70A1}.Debug|Any CPU.Build.0 = Debug|Any CPU
		{D7AF1858-2B21-4D23-A545-A717104C70A1}.Release|Any CPU.ActiveCfg = Release|Any CPU
		{D7AF1858-2B21-4D23-A545-A717104C70A1}.Release|Any CPU.Build.0 = Release|Any CPU
		{24EC5813-4411-45DB-A164-E1E9C391303B}.Debug|Any CPU.ActiveCfg = Debug|Any CPU
		{24EC5813-4411-45DB-A164-E1E9C391303B}.Debug|Any CPU.Build.0 = Debug|Any CPU
		{24EC5813-4411-45DB-A164-E1E9C391303B}.Release|Any CPU.ActiveCfg = Release|Any CPU
		{24EC5813-4411-45DB-A164-E1E9C391303B}.Release|Any CPU.Build.0 = Release|Any CPU
		{982C8EC6-5E8D-4C88-9C6A-9EED16E4024B}.Debug|Any CPU.ActiveCfg = Debug|Any CPU
		{982C8EC6-5E8D-4C88-9C6A-9EED16E4024B}.Debug|Any CPU.Build.0 = Debug|Any CPU
		{982C8EC6-5E8D-4C88-9C6A-9EED16E4024B}.Release|Any CPU.ActiveCfg = Release|Any CPU
		{982C8EC6-5E8D-4C88-9C6A-9EED16E4024B}.Release|Any CPU.Build.0 = Release|Any CPU
		{9F582BCD-1E79-4426-ADF2-C25F93064455}.Debug|Any CPU.ActiveCfg = Debug|Any CPU
		{9F582BCD-1E79-4426-ADF2-C25F93064455}.Debug|Any CPU.Build.0 = Debug|Any CPU
		{9F582BCD-1E79-4426-ADF2-C25F93064455}.Release|Any CPU.ActiveCfg = Release|Any CPU
		{9F582BCD-1E79-4426-ADF2-C25F93064455}.Release|Any CPU.Build.0 = Release|Any CPU
		{CA166785-167A-4598-A18A-A7CEAB734CAE}.Debug|Any CPU.ActiveCfg = Debug|Any CPU
		{CA166785-167A-4598-A18A-A7CEAB734CAE}.Debug|Any CPU.Build.0 = Debug|Any CPU
		{CA166785-167A-4598-A18A-A7CEAB734CAE}.Release|Any CPU.ActiveCfg = Release|Any CPU
		{CA166785-167A-4598-A18A-A7CEAB734CAE}.Release|Any CPU.Build.0 = Release|Any CPU
		{2A541030-FA7D-4562-9AFA-C63CC73F7F9A}.Debug|Any CPU.ActiveCfg = Debug|Any CPU
		{2A541030-FA7D-4562-9AFA-C63CC73F7F9A}.Debug|Any CPU.Build.0 = Debug|Any CPU
		{2A541030-FA7D-4562-9AFA-C63CC73F7F9A}.Release|Any CPU.ActiveCfg = Release|Any CPU
		{2A541030-FA7D-4562-9AFA-C63CC73F7F9A}.Release|Any CPU.Build.0 = Release|Any CPU
	EndGlobalSection
	GlobalSection(SolutionProperties) = preSolution
		HideSolutionNode = FALSE
	EndGlobalSection
	GlobalSection(NestedProjects) = preSolution
		{7A8C0A16-4ECA-4F19-B25C-FE1658C0AD8B} = {02EA681E-C7D8-13C7-8484-4AC65E1B71E8}
		{0DED9BF0-7F50-4C54-A7DD-85703B8EECC8} = {02EA681E-C7D8-13C7-8484-4AC65E1B71E8}
		{349FACF7-4DB9-45FF-903B-5D48DC190DD4} = {02EA681E-C7D8-13C7-8484-4AC65E1B71E8}
		{8DAFCE2E-77F8-41B6-8A7E-20F1D24A3771} = {BDDC3B5F-E75D-4358-8245-CAF94E263349}
		{EBF0638E-706B-4E3E-9BF9-3A0040925316} = {BDDC3B5F-E75D-4358-8245-CAF94E263349}
		{0E70DECB-E944-4F4D-93E2-79D72C2205A4} = {BDDC3B5F-E75D-4358-8245-CAF94E263349}
		{83458199-441B-4468-A7A0-EDA194701786} = {E00C11A2-3D80-4D26-BA03-7EA9948C1EE1}
		{C539229B-5A2A-44E6-94EA-586377314C02} = {E00C11A2-3D80-4D26-BA03-7EA9948C1EE1}
		{985637B9-622F-44E4-A7F9-DC4ADBC40395} = {E00C11A2-3D80-4D26-BA03-7EA9948C1EE1}
		{7A16879C-A952-4972-A586-CD726053723F} = {2125C9DE-58C0-4FA7-9BD3-379196900CFB}
		{C08B3C6C-87D0-4C8E-AE96-C721809CCB5E} = {2125C9DE-58C0-4FA7-9BD3-379196900CFB}
		{02C69D3C-BA24-4BE7-A95D-88C8038F077A} = {2125C9DE-58C0-4FA7-9BD3-379196900CFB}
		{DFF548DC-CA71-4FA5-8736-117095595A06} = {08C7F396-9F1B-4389-BF2A-97277D5BA431}
		{72116308-D74B-484C-AA56-D1E5B63AC411} = {08C7F396-9F1B-4389-BF2A-97277D5BA431}
		{E4F50B72-1102-49D9-AD8D-A7472975F752} = {08C7F396-9F1B-4389-BF2A-97277D5BA431}
		{50A07E35-AB52-4947-ADBC-61F0B3AD2E7B} = {61424443-A867-4B75-9BC6-2ECC65D218F6}
		{2E257DCF-8C1C-4BF6-8EA2-4D526372DABD} = {61424443-A867-4B75-9BC6-2ECC65D218F6}
		{FBBEC55E-EDDA-42F9-A4B2-B9DB25F2C5BC} = {61424443-A867-4B75-9BC6-2ECC65D218F6}
		{D7AF1858-2B21-4D23-A545-A717104C70A1} = {8AC6C4C0-4C59-4C78-B406-FF086F1465DE}
		{24EC5813-4411-45DB-A164-E1E9C391303B} = {8AC6C4C0-4C59-4C78-B406-FF086F1465DE}
		{982C8EC6-5E8D-4C88-9C6A-9EED16E4024B} = {8AC6C4C0-4C59-4C78-B406-FF086F1465DE}
		{9F582BCD-1E79-4426-ADF2-C25F93064455} = {353ED7EB-9861-4631-A7DB-0A2B8FFF9423}
		{CA166785-167A-4598-A18A-A7CEAB734CAE} = {353ED7EB-9861-4631-A7DB-0A2B8FFF9423}
		{2A541030-FA7D-4562-9AFA-C63CC73F7F9A} = {353ED7EB-9861-4631-A7DB-0A2B8FFF9423}
	EndGlobalSection
	GlobalSection(ExtensibilityGlobals) = postSolution
		SolutionGuid = {281ED26C-FC38-4CF0-A580-E1316369BC71}
	EndGlobalSection
EndGlobal
