
Microsoft Visual Studio Solution File, Format Version 12.00
# Visual Studio Version 17
VisualStudioVersion = 17.14.36518.9
MinimumVisualStudioVersion = 10.0.40219.1
Project("{2150E333-8FDC-42A3-9474-1A3956D46DE8}") = "Task0", "Task0", "{02EA681E-C7D8-13C7-8484-4AC65E1B71E8}"
EndProject
Project("{FAE04EC0-301F-11D3-BF4B-00C04F79EFBC}") = "Tyuiu.MamatkulovFO.Sprint5.Task0.V13", "Tyuiu.MamatkulovFO.Sprint5.Task0.V13\Tyuiu.MamatkulovFO.Sprint5.Task0.V13.csproj", "{7A8C0A16-4ECA-4F19-B25C-FE1658C0AD8B}"
EndProject
Project("{FAE04EC0-301F-11D3-BF4B-00C04F79EFBC}") = "Tyuiu.MamatkulovFO.Sprint5.Task0.V13.Lib", "Tyuiu.MamatkulovFO.Sprint5.Task0.V13.Lib\Tyuiu.MamatkulovFO.Sprint5.Task0.V13.Lib.csproj", "{0DED9BF0-7F50-4C54-A7DD-85703B8EECC8}"
EndProject
Project("{FAE04EC0-301F-11D3-BF4B-00C04F79EFBC}") = "Tyuiu.MamatkulovFO.Sprint5.Task0.V13.Test", "Tyuiu.MamatkulovFO.Sprint5.Task0.V13.Test\Tyuiu.MamatkulovFO.Sprint5.Task0.V13.Test.csproj", "{349FACF7-4DB9-45FF-903B-5D48DC190DD4}"
EndProject
Project("{2150E333-8FDC-42A3-9474-1A3956D46DE8}") = "Task1", "Task1", "{5C33BD90-1F36-46C5-8B39-C287C6EA04BF}"
EndProject
Project("{FAE04EC0-301F-11D3-BF4B-00C04F79EFBC}") = "Tyuiu.MamatkulovFO.Sprint5.Task1.V8", "Tyuiu.MamatkulovFO.Sprint5.Task1.V8\Tyuiu.MamatkulovFO.Sprint5.Task1.V8.csproj", "{BD81DFE9-C093-4FAE-B4AA-2810E7E90BB3}"
EndProject
Project("{FAE04EC0-301F-11D3-BF4B-00C04F79EFBC}") = "Tyuiu.MamatkulovFO.Sprint5.Task1.V8.Lib", "Tyuiu.MamatkulovFO.Sprint5.Task1.V8.Lib\Tyuiu.MamatkulovFO.Sprint5.Task1.V8.Lib.csproj", "{C685DB79-392F-4BD7-9F8B-6B2D089617C2}"
EndProject
Project("{FAE04EC0-301F-11D3-BF4B-00C04F79EFBC}") = "Tyuiu.MamatkulovFO.Sprint5.Task1.V8.Test", "Tyuiu.MamatkulovFO.Sprint5.Task1.V8.Test\Tyuiu.MamatkulovFO.Sprint5.Task1.V8.Test.csproj", "{D394BBB9-BD74-4277-9AF5-1EC8DB85F2AF}"
EndProject
Project("{2150E333-8FDC-42A3-9474-1A3956D46DE8}") = "Task2", "Task2", "{BDDC3B5F-E75D-4358-8245-CAF94E263349}"
EndProject
Project("{FAE04EC0-301F-11D3-BF4B-00C04F79EFBC}") = "Tyuiu.MamatkulovFO.Sprint5.Task2.V14", "Tyuiu.MamatkulovFO.Sprint5.Task2.V14\Tyuiu.MamatkulovFO.Sprint5.Task2.V14.csproj", "{8DAFCE2E-77F8-41B6-8A7E-20F1D24A3771}"
EndProject
Project("{FAE04EC0-301F-11D3-BF4B-00C04F79EFBC}") = "Tyuiu.MamatkulovFO.Sprint5.Task2.V14.Lib", "Tyuiu.MamatkulovFO.Sprint5.Task2.V14.Lib\Tyuiu.MamatkulovFO.Sprint5.Task2.V14.Lib.csproj", "{EBF0638E-706B-4E3E-9BF9-3A0040925316}"
EndProject
Project("{FAE04EC0-301F-11D3-BF4B-00C04F79EFBC}") = "Tyuiu.MamatkulovFO.Sprint5.Task2.V14.Test", "Tyuiu.MamatkulovFO.Sprint5.Task2.V14.Test\Tyuiu.MamatkulovFO.Sprint5.Task2.V14.Test.csproj", "{0E70DECB-E944-4F4D-93E2-79D72C2205A4}"
EndProject
Project("{2150E333-8FDC-42A3-9474-1A3956D46DE8}") = "Task3", "Task3", "{E00C11A2-3D80-4D26-BA03-7EA9948C1EE1}"
EndProject
Project("{FAE04EC0-301F-11D3-BF4B-00C04F79EFBC}") = "Tyuiu.MamatkulovFO.Sprint5.Task3.V3", "Tyuiu.MamatkulovFO.Sprint5.Task3.V3\Tyuiu.MamatkulovFO.Sprint5.Task3.V3.csproj", "{83458199-441B-4468-A7A0-EDA194701786}"
EndProject
Project("{FAE04EC0-301F-11D3-BF4B-00C04F79EFBC}") = "Tyuiu.MamatkulovFO.Sprint5.Task3.V3.Lib", "Tyuiu.MamatkulovFO.Sprint5.Task3.V3.Lib\Tyuiu.MamatkulovFO.Sprint5.Task3.V3.Lib.csproj", "{C539229B-5A2A-44E6-94EA-586377314C02}"
EndProject
Project("{FAE04EC0-301F-11D3-BF4B-00C04F79EFBC}") = "Tyuiu.MamatkulovFO.Sprint5.Task3.V3.Test", "Tyuiu.MamatkulovFO.Sprint5.Task3.V3.Test\Tyuiu.MamatkulovFO.Sprint5.Task3.V3.Test.csproj", "{985637B9-622F-44E4-A7F9-DC4ADBC40395}"
EndProject
Project("{2150E333-8FDC-42A3-9474-1A3956D46DE8}") = "Task4", "Task4", "{2125C9DE-58C0-4FA7-9BD3-379196900CFB}"
EndProject
Project("{FAE04EC0-301F-11D3-BF4B-00C04F79EFBC}") = "Tyuiu.MamatkulovFO.Sprint5.Task4.V27", "Tyuiu.MamatkulovFO.Sprint5.Task4.V27\Tyuiu.MamatkulovFO.Sprint5.Task4.V27.csproj", "{7A16879C-A952-4972-A586-CD726053723F}"
EndProject
Project("{FAE04EC0-301F-11D3-BF4B-00C04F79EFBC}") = "Tyuiu.MamatkulovFO.Sprint5.Task4.V27.Lib", "Tyuiu.MamatkulovFO.Sprint5.Task4.V27.Lib\Tyuiu.MamatkulovFO.Sprint5.Task4.V27.Lib.csproj", "{C08B3C6C-87D0-4C8E-AE96-C721809CCB5E}"
EndProject
Project("{FAE04EC0-301F-11D3-BF4B-00C04F79EFBC}") = "Tyuiu.MamatkulovFO.Sprint5.Task4.V27.Test", "Tyuiu.MamatkulovFO.Sprint5.Task4.V27.Test\Tyuiu.MamatkulovFO.Sprint5.Task4.V27.Test.csproj", "{02C69D3C-BA24-4BE7-A95D-88C8038F077A}"
EndProject
Project("{2150E333-8FDC-42A3-9474-1A3956D46DE8}") = "Task5", "Task5", "{5DB1A67C-C868-46F8-A332-6F41BBB0C7A8}"
EndProject
Project("{FAE04EC0-301F-11D3-BF4B-00C04F79EFBC}") = "Tyuiu.MamatkulovFO.Sprint5.Task5.V19", "Tyuiu.MamatkulovFO.Sprint5.Task5.V19\Tyuiu.MamatkulovFO.Sprint5.Task5.V19.csproj", "{AEA2DECE-4045-47EA-ABC4-1495097A4E23}"
EndProject
Project("{FAE04EC0-301F-11D3-BF4B-00C04F79EFBC}") = "Tyuiu.MamatkulovFO.Sprint5.Task5.V19.Lib", "Tyuiu.MamatkulovFO.Sprint5.Task5.V19.Lib\Tyuiu.MamatkulovFO.Sprint5.Task5.V19.Lib.csproj", "{6F9FFA3C-8889-4FF1-8655-CFCC43832D78}"
EndProject
Project("{FAE04EC0-301F-11D3-BF4B-00C04F79EFBC}") = "Tyuiu.MamatkulovFO.Sprint5.Task5.V19.Test", "Tyuiu.MamatkulovFO.Sprint5.Task5.V19.Test\Tyuiu.MamatkulovFO.Sprint5.Task5.V19.Test.csproj", "{FA195AFC-EE0F-494A-9042-5B5300EB6537}"
EndProject
Project("{2150E333-8FDC-42A3-9474-1A3956D46DE8}") = "Task6", "Task6", "{08C7F396-9F1B-4389-BF2A-97277D5BA431}"
EndProject
Project("{FAE04EC0-301F-11D3-BF4B-00C04F79EFBC}") = "Tyuiu.MamatkulovFO.Sprint5.Task6.V7", "Tyuiu.MamatkulovFO.Sprint5.Task6.V7\Tyuiu.MamatkulovFO.Sprint5.Task6.V7.csproj", "{DFF548DC-CA71-4FA5-8736-117095595A06}"
EndProject
Project("{FAE04EC0-301F-11D3-BF4B-00C04F79EFBC}") = "Tyuiu.MamatkulovFO.Sprint5.Task6.V7.Lib", "Tyuiu.MamatkulovFO.Sprint5.Task6.V7.Lib\Tyuiu.MamatkulovFO.Sprint5.Task6.V7.Lib.csproj", "{72116308-D74B-484C-AA56-D1E5B63AC411}"
EndProject
Project("{FAE04EC0-301F-11D3-BF4B-00C04F79EFBC}") = "Tyuiu.MamatkulovFO.Sprint5.Task6.V7.Test", "Tyuiu.MamatkulovFO.Sprint5.Task6.V7.Test\Tyuiu.MamatkulovFO.Sprint5.Task6.V7.Test.csproj", "{E4F50B72-1102-49D9-AD8D-A7472975F752}"
EndProject
Global
	GlobalSection(SolutionConfigurationPlatforms) = preSolution
		Debug|Any CPU = Debug|Any CPU
		Release|Any CPU = Release|Any CPU
	EndGlobalSection
	GlobalSection(ProjectConfigurationPlatforms) = postSolution
		{7A8C0A16-4ECA-4F19-B25C-FE1658C0AD8B}.Debug|Any CPU.ActiveCfg = Debug|Any CPU
		{7A8C0A16-4ECA-4F19-B25C-FE1658C0AD8B}.Debug|Any CPU.Build.0 = Debug|Any CPU
		{7A8C0A16-4ECA-4F19-B25C-FE1658C0AD8B}.Release|Any CPU.ActiveCfg = Release|Any CPU
		{7A8C0A16-4ECA-4F19-B25C-FE1658C0AD8B}.Release|Any CPU.Build.0 = Release|Any CPU
		{0DED9BF0-7F50-4C54-A7DD-85703B8EECC8}.Debug|Any CPU.ActiveCfg = Debug|Any CPU
		{0DED9BF0-7F50-4C54-A7DD-85703B8EECC8}.Debug|Any CPU.Build.0 = Debug|Any CPU
		{0DED9BF0-7F50-4C54-A7DD-85703B8EECC8}.Release|Any CPU.ActiveCfg = Release|Any CPU
		{0DED9BF0-7F50-4C54-A7DD-85703B8EECC8}.Release|Any CPU.Build.0 = Release|Any CPU
		{349FACF7-4DB9-45FF-903B-5D48DC190DD4}.Debug|Any CPU.ActiveCfg = Debug|Any CPU
		{349FACF7-4DB9-45FF-903B-5D48DC190DD4}.Debug|Any CPU.Build.0 = Debug|Any CPU
		{349FACF7-4DB9-45FF-903B-5D48DC190DD4}.Release|Any CPU.ActiveCfg = Release|Any CPU
		{349FACF7-4DB9-45FF-903B-5D48DC190DD4}.Release|Any CPU.Build.0 = Release|Any CPU
		{BD81DFE9-C093-4FAE-B4AA-2810E7E90BB3}.Debug|Any CPU.ActiveCfg = Debug|Any CPU
		{BD81DFE9-C093-4FAE-B4AA-2810E7E90BB3}.Debug|Any CPU.Build.0 = Debug|Any CPU
		{BD81DFE9-C093-4FAE-B4AA-2810E7E90BB3}.Release|Any CPU.ActiveCfg = Release|Any CPU
		{BD81DFE9-C093-4FAE-B4AA-2810E7E90BB3}.Release|Any CPU.Build.0 = Release|Any CPU
		{C685DB79-392F-4BD7-9F8B-6B2D089617C2}.Debug|Any CPU.ActiveCfg = Debug|Any CPU
		{C685DB79-392F-4BD7-9F8B-6B2D089617C2}.Debug|Any CPU.Build.0 = Debug|Any CPU
		{C685DB79-392F-4BD7-9F8B-6B2D089617C2}.Release|Any CPU.ActiveCfg = Release|Any CPU
		{C685DB79-392F-4BD7-9F8B-6B2D089617C2}.Release|Any CPU.Build.0 = Release|Any CPU
		{D394BBB9-BD74-4277-9AF5-1EC8DB85F2AF}.Debug|Any CPU.ActiveCfg = Debug|Any CPU
		{D394BBB9-BD74-4277-9AF5-1EC8DB85F2AF}.Debug|Any CPU.Build.0 = Debug|Any CPU
		{D394BBB9-BD74-4277-9AF5-1EC8DB85F2AF}.Release|Any CPU.ActiveCfg = Release|Any CPU
		{D394BBB9-BD74-4277-9AF5-1EC8DB85F2AF}.Release|Any CPU.Build.0 = Release|Any CPU
		{8DAFCE2E-77F8-41B6-8A7E-20F1D24A3771}.Debug|Any CPU.ActiveCfg = Debug|Any CPU
		{8DAFCE2E-77F8-41B6-8A7E-20F1D24A3771}.Debug|Any CPU.Build.0 = Debug|Any CPU
		{8DAFCE2E-77F8-41B6-8A7E-20F1D24A3771}.Release|Any CPU.ActiveCfg = Release|Any CPU
		{8DAFCE2E-77F8-41B6-8A7E-20F1D24A3771}.Release|Any CPU.Build.0 = Release|Any CPU
		{EBF0638E-706B-4E3E-9BF9-3A0040925316}.Debug|Any CPU.ActiveCfg = Debug|Any CPU
		{EBF0638E-706B-4E3E-9BF9-3A0040925316}.Debug|Any CPU.Build.0 = Debug|Any CPU
		{EBF0638E-706B-4E3E-9BF9-3A0040925316}.Release|Any CPU.ActiveCfg = Release|Any CPU
		{EBF0638E-706B-4E3E-9BF9-3A0040925316}.Release|Any CPU.Build.0 = Release|Any CPU
		{0E70DECB-E944-4F4D-93E2-79D72C2205A4}.Debug|Any CPU.ActiveCfg = Debug|Any CPU
		{0E70DECB-E944-4F4D-93E2-79D72C2205A4}.Debug|Any CPU.Build.0 = Debug|Any CPU
		{0E70DECB-E944-4F4D-93E2-79D72C2205A4}.Release|Any CPU.ActiveCfg = Release|Any CPU
		{0E70DECB-E944-4F4D-93E2-79D72C2205A4}.Release|Any CPU.Build.0 = Release|Any CPU
		{83458199-441B-4468-A7A0-EDA194701786}.Debug|Any CPU.ActiveCfg = Debug|Any CPU
		{83458199-441B-4468-A7A0-EDA194701786}.Debug|Any CPU.Build.0 = Debug|Any CPU
		{83458199-441B-4468-A7A0-EDA194701786}.Release|Any CPU.ActiveCfg = Release|Any CPU
		{83458199-441B-4468-A7A0-EDA194701786}.Release|Any CPU.Build.0 = Release|Any CPU
		{C539229B-5A2A-44E6-94EA-586377314C02}.Debug|Any CPU.ActiveCfg = Debug|Any CPU
		{C539229B-5A2A-44E6-94EA-586377314C02}.Debug|Any CPU.Build.0 = Debug|Any CPU
		{C539229B-5A2A-44E6-94EA-586377314C02}.Release|Any CPU.ActiveCfg = Release|Any CPU
		{C539229B-5A2A-44E6-94EA-586377314C02}.Release|Any CPU.Build.0 = Release|Any CPU
		{985637B9-622F-44E4-A7F9-DC4ADBC40395}.Debug|Any CPU.ActiveCfg = Debug|Any CPU
		{985637B9-622F-44E4-A7F9-DC4ADBC40395}.Debug|Any CPU.Build.0 = Debug|Any CPU
		{985637B9-622F-44E4-A7F9-DC4ADBC40395}.Release|Any CPU.ActiveCfg = Release|Any CPU
		{985637B9-622F-44E4-A7F9-DC4ADBC40395}.Release|Any CPU.Build.0 = Release|Any CPU
		{7A16879C-A952-4972-A586-CD726053723F}.Debug|Any CPU.ActiveCfg = Debug|Any CPU
		{7A16879C-A952-4972-A586-CD726053723F}.Debug|Any CPU.Build.0 = Debug|Any CPU
		{7A16879C-A952-4972-A586-CD726053723F}.Release|Any CPU.ActiveCfg = Release|Any CPU
		{7A16879C-A952-4972-A586-CD726053723F}.Release|Any CPU.Build.0 = Release|Any CPU
		{C08B3C6C-87D0-4C8E-AE96-C721809CCB5E}.Debug|Any CPU.ActiveCfg = Debug|Any CPU
		{C08B3C6C-87D0-4C8E-AE96-C721809CCB5E}.Debug|Any CPU.Build.0 = Debug|Any CPU
		{C08B3C6C-87D0-4C8E-AE96-C721809CCB5E}.Release|Any CPU.ActiveCfg = Release|Any CPU
		{C08B3C6C-87D0-4C8E-AE96-C721809CCB5E}.Release|Any CPU.Build.0 = Release|Any CPU
		{02C69D3C-BA24-4BE7-A95D-88C8038F077A}.Debug|Any CPU.ActiveCfg = Debug|Any CPU
		{02C69D3C-BA24-4BE7-A95D-88C8038F077A}.Debug|Any CPU.Build.0 = Debug|Any CPU
		{02C69D3C-BA24-4BE7-A95D-88C8038F077A}.Release|Any CPU.ActiveCfg = Release|Any CPU
		{02C69D3C-BA24-4BE7-A95D-88C8038F077A}.Release|Any CPU.Build.0 = Release|Any CPU
		{AEA2DECE-4045-47EA-ABC4-1495097A4E23}.Debug|Any CPU.ActiveCfg = Debug|Any CPU
		{AEA2DECE-4045-47EA-ABC4-1495097A4E23}.Debug|Any CPU.Build.0 = Debug|Any CPU
		{AEA2DECE-4045-47EA-ABC4-1495097A4E23}.Release|Any CPU.ActiveCfg = Release|Any CPU
		{AEA2DECE-4045-47EA-ABC4-1495097A4E23}.Release|Any CPU.Build.0 = Release|Any CPU
		{6F9FFA3C-8889-4FF1-8655-CFCC43832D78}.Debug|Any CPU.ActiveCfg = Debug|Any CPU
		{6F9FFA3C-8889-4FF1-8655-CFCC43832D78}.Debug|Any CPU.Build.0 = Debug|Any CPU
		{6F9FFA3C-8889-4FF1-8655-CFCC43832D78}.Release|Any CPU.ActiveCfg = Release|Any CPU
		{6F9FFA3C-8889-4FF1-8655-CFCC43832D78}.Release|Any CPU.Build.0 = Release|Any CPU
		{FA195AFC-EE0F-494A-9042-5B5300EB6537}.Debug|Any CPU.ActiveCfg = Debug|Any CPU
		{FA195AFC-EE0F-494A-9042-5B5300EB6537}.Debug|Any CPU.Build.0 = Debug|Any CPU
		{FA195AFC-EE0F-494A-9042-5B5300EB6537}.Release|Any CPU.ActiveCfg = Release|Any CPU
		{FA195AFC-EE0F-494A-9042-5B5300EB6537}.Release|Any CPU.Build.0 = Release|Any CPU
		{DFF548DC-CA71-4FA5-8736-117095595A06}.Debug|Any CPU.ActiveCfg = Debug|Any CPU
		{DFF548DC-CA71-4FA5-8736-117095595A06}.Debug|Any CPU.Build.0 = Debug|Any CPU
		{DFF548DC-CA71-4FA5-8736-117095595A06}.Release|Any CPU.ActiveCfg = Release|Any CPU
		{DFF548DC-CA71-4FA5-8736-117095595A06}.Release|Any CPU.Build.0 = Release|Any CPU
		{72116308-D74B-484C-AA56-D1E5B63AC411}.Debug|Any CPU.ActiveCfg = Debug|Any CPU
		{72116308-D74B-484C-AA56-D1E5B63AC411}.Debug|Any CPU.Build.0 = Debug|Any CPU
		{72116308-D74B-484C-AA56-D1E5B63AC411}.Release|Any CPU.ActiveCfg = Release|Any CPU
		{72116308-D74B-484C-AA56-D1E5B63AC411}.Release|Any CPU.Build.0 = Release|Any CPU
		{E4F50B72-1102-49D9-AD8D-A7472975F752}.Debug|Any CPU.ActiveCfg = Debug|Any CPU
		{E4F50B72-1102-49D9-AD8D-A7472975F752}.Debug|Any CPU.Build.0 = Debug|Any CPU
		{E4F50B72-1102-49D9-AD8D-A7472975F752}.Release|Any CPU.ActiveCfg = Release|Any CPU
		{E4F50B72-1102-49D9-AD8D-A7472975F752}.Release|Any CPU.Build.0 = Release|Any CPU
	EndGlobalSection
	GlobalSection(SolutionProperties) = preSolution
		HideSolutionNode = FALSE
	EndGlobalSection
	GlobalSection(NestedProjects) = preSolution
		{7A8C0A16-4ECA-4F19-B25C-FE1658C0AD8B} = {02EA681E-C7D8-13C7-8484-4AC65E1B71E8}
		{0DED9BF0-7F50-4C54-A7DD-85703B8EECC8} = {02EA681E-C7D8-13C7-8484-4AC65E1B71E8}
		{349FACF7-4DB9-45FF-903B-5D48DC190DD4} = {02EA681E-C7D8-13C7-8484-4AC65E1B71E8}
		{BD81DFE9-C093-4FAE-B4AA-2810E7E90BB3} = {5C33BD90-1F36-46C5-8B39-C287C6EA04BF}
		{C685DB79-392F-4BD7-9F8B-6B2D089617C2} = {5C33BD90-1F36-46C5-8B39-C287C6EA04BF}
		{D394BBB9-BD74-4277-9AF5-1EC8DB85F2AF} = {5C33BD90-1F36-46C5-8B39-C287C6EA04BF}
		{8DAFCE2E-77F8-41B6-8A7E-20F1D24A3771} = {BDDC3B5F-E75D-4358-8245-CAF94E263349}
		{EBF0638E-706B-4E3E-9BF9-3A0040925316} = {BDDC3B5F-E75D-4358-8245-CAF94E263349}
		{0E70DECB-E944-4F4D-93E2-79D72C2205A4} = {BDDC3B5F-E75D-4358-8245-CAF94E263349}
		{83458199-441B-4468-A7A0-EDA194701786} = {E00C11A2-3D80-4D26-BA03-7EA9948C1EE1}
		{C539229B-5A2A-44E6-94EA-586377314C02} = {E00C11A2-3D80-4D26-BA03-7EA9948C1EE1}
		{985637B9-622F-44E4-A7F9-DC4ADBC40395} = {E00C11A2-3D80-4D26-BA03-7EA9948C1EE1}
		{7A16879C-A952-4972-A586-CD726053723F} = {2125C9DE-58C0-4FA7-9BD3-379196900CFB}
		{C08B3C6C-87D0-4C8E-AE96-C721809CCB5E} = {2125C9DE-58C0-4FA7-9BD3-379196900CFB}
		{02C69D3C-BA24-4BE7-A95D-88C8038F077A} = {2125C9DE-58C0-4FA7-9BD3-379196900CFB}
		{AEA2DECE-4045-47EA-ABC4-1495097A4E23} = {5DB1A67C-C868-46F8-A332-6F41BBB0C7A8}
		{6F9FFA3C-8889-4FF1-8655-CFCC43832D78} = {5DB1A67C-C868-46F8-A332-6F41BBB0C7A8}
		{FA195AFC-EE0F-494A-9042-5B5300EB6537} = {5DB1A67C-C868-46F8-A332-6F41BBB0C7A8}
		{DFF548DC-CA71-4FA5-8736-117095595A06} = {08C7F396-9F1B-4389-BF2A-97277D5BA431}
		{72116308-D74B-484C-AA56-D1E5B63AC411} = {08C7F396-9F1B-4389-BF2A-97277D5BA431}
		{E4F50B72-1102-49D9-AD8D-A7472975F752} = {08C7F396-9F1B-4389-BF2A-97277D5BA431}
	EndGlobalSection
	GlobalSection(ExtensibilityGlobals) = postSolution
		SolutionGuid = {281ED26C-FC38-4CF0-A580-E1316369BC71}
	EndGlobalSection
EndGlobal
